
Microsoft Visual Studio Solution File, Format Version 12.00
# Visual Studio Version 17
VisualStudioVersion = 17.2.32602.215
MinimumVisualStudioVersion = 10.0.40219.1
Project("{FAE04EC0-301F-11D3-BF4B-00C04F79EFBC}") = "demoapp", "demoapp\demoapp.csproj", "{4A57162E-AED7-4E06-8133-9F8E9F028FF0}"
EndProject
Global
	GlobalSection(SolutionConfigurationPlatforms) = preSolution
		Debug|Any CPU = Debug|Any CPU
		Release|Any CPU = Release|Any CPU
	EndGlobalSection
	GlobalSection(ProjectConfigurationPlatforms) = postSolution
		{4A57162E-AED7-4E06-8133-9F8E9F028FF0}.Debug|Any CPU.ActiveCfg = Debug|Any CPU
		{4A57162E-AED7-4E06-8133-9F8E9F028FF0}.Debug|Any CPU.Build.0 = Debug|Any CPU
		{4A57162E-AED7-4E06-8133-9F8E9F028FF0}.Release|Any CPU.ActiveCfg = Release|Any CPU
		{4A57162E-AED7-4E06-8133-9F8E9F028FF0}.Release|Any CPU.Build.0 = Release|Any CPU
	EndGlobalSection
	GlobalSection(SolutionProperties) = preSolution
		HideSolutionNode = FALSE
	EndGlobalSection
	GlobalSection(ExtensibilityGlobals) = postSolution
		SolutionGuid = {4B53EF96-DA22-4881-8AE9-EF56CF11BE34}
	EndGlobalSection
EndGlobal
